PODS:
  - Realm (10.5.1):
    - Realm/Headers (= 10.5.1)
  - Realm/Headers (10.5.1)
  - RealmSwift (10.5.1):
    - Realm (= 10.5.1)
  - WKWebViewWithURLProtocol (0.1.0)

DEPENDENCIES:
  - Realm
  - RealmSwift
  - WKWebViewWithURLProtocol

SPEC REPOS:
  trunk:
    - Realm
    - RealmSwift
    - WKWebViewWithURLProtocol

SPEC CHECKSUMS:
  Realm: 77fcb4e0b9f2963ea06f584749a0d7dc9cab95e1
  RealmSwift: 6abe6aa6cd8b70cc1a87afcb9232cabea74ff1ac
  WKWebViewWithURLProtocol: f7f2b367c40680105794a068ed2bb2cd5922c27c

PODFILE CHECKSUM: a3b24a6394c64070acec3497fb6c4d3c9d47ebdf

COCOAPODS: 1.10.1
